{
  "nodes": {
    "flake-utils": {
      "locked": {
        "lastModified": 1667395993,
        "narHash": "sha256-nuEHfE/LcWyuSWnS8t12N1wc105Qtau+/OdUAjtQ0rA=",
        "owner": "numtide",
        "repo": "flake-utils",
        "rev": "5aed5285a952e0b949eb3ba02c12fa4fcfef535f",
        "type": "github"
      },
      "original": {
        "owner": "numtide",
        "repo": "flake-utils",
        "type": "github"
      }
    },
    "nixpkgs": {
      "locked": {
        "lastModified": 1672500394,
        "narHash": "sha256-yzwBzCoeRBoRzm7ySHhm72kBG0QjgFalLz2FY48iLI4=",
        "owner": "NixOS",
        "repo": "nixpkgs",
        "rev": "feda52be1d59f13b9aa02f064b4f14784b9a06c8",
        "type": "github"
      },
      "original": {
        "id": "nixpkgs",
        "ref": "nixos-22.11",
        "type": "indirect"
      }
    },
    "root": {
      "inputs": {
        "flake-utils": "flake-utils",
        "nixpkgs": "nixpkgs",
        "static-haskell-nix": "static-haskell-nix"
      }
    },
    "static-haskell-nix": {
      "flake": false,
      "locked": {
        "lastModified": 1627000767,
        "narHash": "sha256-UC6qntmUCAdrrvG5h1jGzR8ASAwTP5qetv+Ifbjq2mY=",
        "owner": "nh2",
        "repo": "static-haskell-nix",
        "rev": "bd66b86b72cff4479e1c76d5916a853c38d09837",
        "type": "github"
      },
      "original": {
        "owner": "nh2",
        "ref": "master",
        "repo": "static-haskell-nix",
        "type": "github"
      }
    }
  },
  "root": "root",
  "version": 7
}
