{
  "nodes": {
    "flake-utils": {
      "locked": {
        "lastModified": 1667395993,
        "narHash": "sha256-nuEHfE/LcWyuSWnS8t12N1wc105Qtau+/OdUAjtQ0rA=",
        "owner": "numtide",
        "repo": "flake-utils",
        "rev": "5aed5285a952e0b949eb3ba02c12fa4fcfef535f",
        "type": "github"
      },
      "original": {
        "owner": "numtide",
        "repo": "flake-utils",
        "type": "github"
      }
    },
    "nixpkgs": {
      "locked": {
        "lastModified": 1672500394,
        "narHash": "sha256-yzwBzCoeRBoRzm7ySHhm72kBG0QjgFalLz2FY48iLI4=",
        "owner": "NixOS",
        "repo": "nixpkgs",
        "rev": "feda52be1d59f13b9aa02f064b4f14784b9a06c8",
        "type": "github"
      },
      "original": {
        "id": "nixpkgs",
        "ref": "nixos-22.11",
        "type": "indirect"
      }
    },
    "recipe-ocr": {
      "inputs": {
        "flake-utils": "flake-utils",
        "nixpkgs": "nixpkgs"
      },
      "locked": {
        "lastModified": 0,
        "narHash": "sha256-3MToY61DJZDDYZkxNQrTFzVxK+gjKeGKZXrxlEyJPGg=",
        "path": "./..",
        "type": "path"
      },
      "original": {
        "path": "./..",
        "type": "path"
      }
    },
    "root": {
      "inputs": {
        "nixpkgs": [
          "recipe-ocr",
          "nixpkgs"
        ],
        "recipe-ocr": "recipe-ocr"
      }
    }
  },
  "root": "root",
  "version": 7
}
